
Microsoft Visual Studio Solution File, Format Version 12.00
# Visual Studio Version 17
VisualStudioVersion = 17.3.32825.248
MinimumVisualStudioVersion = 10.0.40219.1
Project("{FAE04EC0-301F-11D3-BF4B-00C04F79EFBC}") = "TeknikServisAPI", "TeknikServisAPI.csproj", "{285B6B04-F995-495A-A411-E354819B3805}"
EndProject
Global
	GlobalSection(SolutionConfigurationPlatforms) = preSolution
		Debug|Any CPU = Debug|Any CPU
		Release|Any CPU = Release|Any CPU
	EndGlobalSection
	GlobalSection(ProjectConfigurationPlatforms) = postSolution
		{285B6B04-F995-495A-A411-E354819B3805}.Debug|Any CPU.ActiveCfg = Debug|Any CPU
		{285B6B04-F995-495A-A411-E354819B3805}.Debug|Any CPU.Build.0 = Debug|Any CPU
		{285B6B04-F995-495A-A411-E354819B3805}.Release|Any CPU.ActiveCfg = Release|Any CPU
		{285B6B04-F995-495A-A411-E354819B3805}.Release|Any CPU.Build.0 = Release|Any CPU
	EndGlobalSection
	GlobalSection(SolutionProperties) = preSolution
		HideSolutionNode = FALSE
	EndGlobalSection
	GlobalSection(ExtensibilityGlobals) = postSolution
		SolutionGuid = {0B549761-9F6B-41F8-BE31-36526C93BE44}
	EndGlobalSection
EndGlobal
